// !$*UTF8*$!
{
	archiveVersion = 1;
	classes = {
	};
	objectVersion = 46;
	objects = {

/* Begin PBXBuildFile section */
		272C61961859FD50003C1BCA /* KTencentWeiboShared.m in Sources */ = {isa = PBXBuildFile; fileRef = 272C61951859FD50003C1BCA /* KTencentWeiboShared.m */; };
		273BBED218562611001592FE /* KSharedSDK.m in Sources */ = {isa = PBXBuildFile; fileRef = 273BBED118562611001592FE /* KSharedSDK.m */; };
		27BF52BC185B557500BA16F7 /* KHookObjectWrapper.m in Sources */ = {isa = PBXBuildFile; fileRef = 27BF52BB185B557500BA16F7 /* KHookObjectWrapper.m */; };
		27F5CE82185CA693004DA59B /* TencentOpenApi_IOS_Bundle.bundle in Resources */ = {isa = PBXBuildFile; fileRef = 27F5CE80185CA693004DA59B /* TencentOpenApi_IOS_Bundle.bundle */; };
		27F5CE83185CA693004DA59B /* TencentOpenAPI.framework in Frameworks */ = {isa = PBXBuildFile; fileRef = 27F5CE81185CA693004DA59B /* TencentOpenAPI.framework */; };
		27F5CE85185CA71E004DA59B /* SystemConfiguration.framework in Frameworks */ = {isa = PBXBuildFile; fileRef = 27F5CE84185CA71E004DA59B /* SystemConfiguration.framework */; };
		27F5CE89185CA804004DA59B /* KQQChatShared.m in Sources */ = {isa = PBXBuildFile; fileRef = 27F5CE88185CA804004DA59B /* KQQChatShared.m */; };
		DC5F38881859A58D00E01186 /* KWeChatShared.m in Sources */ = {isa = PBXBuildFile; fileRef = DC5F38871859A58D00E01186 /* KWeChatShared.m */; };
		DC5F388B1859A6A100E01186 /* KSinaWeiboShared.m in Sources */ = {isa = PBXBuildFile; fileRef = DC5F388A1859A6A100E01186 /* KSinaWeiboShared.m */; };
		DC5F388E1859B5EE00E01186 /* KSharedMessage.m in Sources */ = {isa = PBXBuildFile; fileRef = DC5F388D1859B5EE00E01186 /* KSharedMessage.m */; };
		FB28255818574F9B002DF332 /* KHttpManager.m in Sources */ = {isa = PBXBuildFile; fileRef = FB28255718574F9B002DF332 /* KHttpManager.m */; };
		FB2EF18E1857630B00C65EAD /* KWeiboOauthView.m in Sources */ = {isa = PBXBuildFile; fileRef = FB2EF18D1857630B00C65EAD /* KWeiboOauthView.m */; };
		FB61C5C318560D8B0041FF5A /* Foundation.framework in Frameworks */ = {isa = PBXBuildFile; fileRef = FB61C5C218560D8B0041FF5A /* Foundation.framework */; };
		FB61C5C518560D8B0041FF5A /* CoreGraphics.framework in Frameworks */ = {isa = PBXBuildFile; fileRef = FB61C5C418560D8B0041FF5A /* CoreGraphics.framework */; };
		FB61C5C718560D8B0041FF5A /* UIKit.framework in Frameworks */ = {isa = PBXBuildFile; fileRef = FB61C5C618560D8B0041FF5A /* UIKit.framework */; };
		FB61C5CD18560D8B0041FF5A /* InfoPlist.strings in Resources */ = {isa = PBXBuildFile; fileRef = FB61C5CB18560D8B0041FF5A /* InfoPlist.strings */; };
		FB61C5CF18560D8B0041FF5A /* main.m in Sources */ = {isa = PBXBuildFile; fileRef = FB61C5CE18560D8B0041FF5A /* main.m */; };
		FB61C5D318560D8B0041FF5A /* AppDelegate.m in Sources */ = {isa = PBXBuildFile; fileRef = FB61C5D218560D8B0041FF5A /* AppDelegate.m */; };
		FB61C5D618560D8B0041FF5A /* Main.storyboard in Resources */ = {isa = PBXBuildFile; fileRef = FB61C5D418560D8B0041FF5A /* Main.storyboard */; };
		FB61C5D918560D8B0041FF5A /* ViewController.m in Sources */ = {isa = PBXBuildFile; fileRef = FB61C5D818560D8B0041FF5A /* ViewController.m */; };
		FB61C5DB18560D8B0041FF5A /* Images.xcassets in Resources */ = {isa = PBXBuildFile; fileRef = FB61C5DA18560D8B0041FF5A /* Images.xcassets */; };
		FB61C5E318560D8B0041FF5A /* Foundation.framework in Frameworks */ = {isa = PBXBuildFile; fileRef = FB61C5C218560D8B0041FF5A /* Foundation.framework */; };
		FB61C5E418560D8B0041FF5A /* UIKit.framework in Frameworks */ = {isa = PBXBuildFile; fileRef = FB61C5C618560D8B0041FF5A /* UIKit.framework */; };
		FBCD343E1859D3CA00A7BC82 /* libWeChatSDK.a in Frameworks */ = {isa = PBXBuildFile; fileRef = FBCD343D1859D3CA00A7BC82 /* libWeChatSDK.a */; };
		FBCFD94E1856C89E009919E8 /* KUnits.m in Sources */ = {isa = PBXBuildFile; fileRef = FBCFD94D1856C89E009919E8 /* KUnits.m */; };
/* End PBXBuildFile section */

/* Begin PBXContainerItemProxy section */
		FB61C5E518560D8B0041FF5A /* PBXContainerItemProxy */ = {
			isa = PBXContainerItemProxy;
			containerPortal = FB61C5B718560D8B0041FF5A /* Project object */;
			proxyType = 1;
			remoteGlobalIDString = FB61C5BE18560D8B0041FF5A;
			remoteInfo = KSharedSDKDemo;
		};
/* End PBXContainerItemProxy section */

/* Begin PBXFileReference section */
		2701810C185774D300511C8B /* KSharedSDKDefine.h */ = {isa = PBXFileReference; lastKnownFileType = sourcecode.c.h; path = KSharedSDKDefine.h; sourceTree = "<group>"; };
		272C61941859FD50003C1BCA /* KTencentWeiboShared.h */ = {isa = PBXFileReference; fileEncoding = 4; lastKnownFileType = sourcecode.c.h; path = KTencentWeiboShared.h; sourceTree = "<group>"; };
		272C61951859FD50003C1BCA /* KTencentWeiboShared.m */ = {isa = PBXFileReference; fileEncoding = 4; lastKnownFileType = sourcecode.c.objc; path = KTencentWeiboShared.m; sourceTree = "<group>"; };
		273BBED018562611001592FE /* KSharedSDK.h */ = {isa = PBXFileReference; fileEncoding = 4; lastKnownFileType = sourcecode.c.h; path = KSharedSDK.h; sourceTree = "<group>"; };
		273BBED118562611001592FE /* KSharedSDK.m */ = {isa = PBXFileReference; fileEncoding = 4; lastKnownFileType = sourcecode.c.objc; path = KSharedSDK.m; sourceTree = "<group>"; };
		27BF52BA185B557500BA16F7 /* KHookObjectWrapper.h */ = {isa = PBXFileReference; fileEncoding = 4; lastKnownFileType = sourcecode.c.h; path = KHookObjectWrapper.h; sourceTree = "<group>"; };
		27BF52BB185B557500BA16F7 /* KHookObjectWrapper.m */ = {isa = PBXFileReference; fileEncoding = 4; lastKnownFileType = sourcecode.c.objc; path = KHookObjectWrapper.m; sourceTree = "<group>"; };
		27F5CE80185CA693004DA59B /* TencentOpenApi_IOS_Bundle.bundle */ = {isa = PBXFileReference; lastKnownFileType = "wrapper.plug-in"; name = TencentOpenApi_IOS_Bundle.bundle; path = KSharedSDK/QQSDK_2.0.1/TencentOpenApi_IOS_Bundle.bundle; sourceTree = "<group>"; };
		27F5CE81185CA693004DA59B /* TencentOpenAPI.framework */ = {isa = PBXFileReference; lastKnownFileType = wrapper.framework; name = TencentOpenAPI.framework; path = KSharedSDK/QQSDK_2.0.1/TencentOpenAPI.framework; sourceTree = "<group>"; };
		27F5CE84185CA71E004DA59B /* SystemConfiguration.framework */ = {isa = PBXFileReference; lastKnownFileType = wrapper.framework; name = SystemConfiguration.framework; path = System/Library/Frameworks/SystemConfiguration.framework; sourceTree = SDKROOT; };
		27F5CE86185CA76E004DA59B /* TencentOpenApi_IOS_Bundle.bundle */ = {isa = PBXFileReference; lastKnownFileType = "wrapper.plug-in"; name = TencentOpenApi_IOS_Bundle.bundle; path = KSharedSDK/QQSDK_2.0.1/TencentOpenApi_IOS_Bundle.bundle; sourceTree = "<group>"; };
		27F5CE87185CA804004DA59B /* KQQChatShared.h */ = {isa = PBXFileReference; fileEncoding = 4; lastKnownFileType = sourcecode.c.h; path = KQQChatShared.h; sourceTree = "<group>"; };
		27F5CE88185CA804004DA59B /* KQQChatShared.m */ = {isa = PBXFileReference; fileEncoding = 4; lastKnownFileType = sourcecode.c.objc; path = KQQChatShared.m; sourceTree = "<group>"; };
		DC5F38831859A50900E01186 /* WXApi.h */ = {isa = PBXFileReference; fileEncoding = 4; lastKnownFileType = sourcecode.c.h; path = WXApi.h; sourceTree = "<group>"; };
		DC5F38841859A50900E01186 /* WXApiObject.h */ = {isa = PBXFileReference; fileEncoding = 4; lastKnownFileType = sourcecode.c.h; path = WXApiObject.h; sourceTree = "<group>"; };
		DC5F38861859A58D00E01186 /* KWeChatShared.h */ = {isa = PBXFileReference; fileEncoding = 4; lastKnownFileType = sourcecode.c.h; path = KWeChatShared.h; sourceTree = "<group>"; };
		DC5F38871859A58D00E01186 /* KWeChatShared.m */ = {isa = PBXFileReference; fileEncoding = 4; lastKnownFileType = sourcecode.c.objc; path = KWeChatShared.m; sourceTree = "<group>"; };
		DC5F38891859A6A100E01186 /* KSinaWeiboShared.h */ = {isa = PBXFileReference; fileEncoding = 4; lastKnownFileType = sourcecode.c.h; path = KSinaWeiboShared.h; sourceTree = "<group>"; };
		DC5F388A1859A6A100E01186 /* KSinaWeiboShared.m */ = {isa = PBXFileReference; fileEncoding = 4; lastKnownFileType = sourcecode.c.objc; path = KSinaWeiboShared.m; sourceTree = "<group>"; };
		DC5F388C1859B5EE00E01186 /* KSharedMessage.h */ = {isa = PBXFileReference; fileEncoding = 4; lastKnownFileType = sourcecode.c.h; name = KSharedMessage.h; path = KSharedSDK/KSharedMessage.h; sourceTree = SOURCE_ROOT; };
		DC5F388D1859B5EE00E01186 /* KSharedMessage.m */ = {isa = PBXFileReference; fileEncoding = 4; lastKnownFileType = sourcecode.c.objc; name = KSharedMessage.m; path = KSharedSDK/KSharedMessage.m; sourceTree = SOURCE_ROOT; };
		FB28255618574F9B002DF332 /* KHttpManager.h */ = {isa = PBXFileReference; fileEncoding = 4; lastKnownFileType = sourcecode.c.h; path = KHttpManager.h; sourceTree = "<group>"; };
		FB28255718574F9B002DF332 /* KHttpManager.m */ = {isa = PBXFileReference; fileEncoding = 4; lastKnownFileType = sourcecode.c.objc; path = KHttpManager.m; sourceTree = "<group>"; };
		FB2EF18C1857630B00C65EAD /* KWeiboOauthView.h */ = {isa = PBXFileReference; fileEncoding = 4; lastKnownFileType = sourcecode.c.h; path = KWeiboOauthView.h; sourceTree = "<group>"; };
		FB2EF18D1857630B00C65EAD /* KWeiboOauthView.m */ = {isa = PBXFileReference; fileEncoding = 4; lastKnownFileType = sourcecode.c.objc; path = KWeiboOauthView.m; sourceTree = "<group>"; };
		FB61C5BF18560D8B0041FF5A /* KSharedSDKDemo.app */ = {isa = PBXFileReference; explicitFileType = wrapper.application; includeInIndex = 0; path = KSharedSDKDemo.app; sourceTree = BUILT_PRODUCTS_DIR; };
		FB61C5C218560D8B0041FF5A /* Foundation.framework */ = {isa = PBXFileReference; lastKnownFileType = wrapper.framework; name = Foundation.framework; path = System/Library/Frameworks/Foundation.framework; sourceTree = SDKROOT; };
		FB61C5C418560D8B0041FF5A /* CoreGraphics.framework */ = {isa = PBXFileReference; lastKnownFileType = wrapper.framework; name = CoreGraphics.framework; path = System/Library/Frameworks/CoreGraphics.framework; sourceTree = SDKROOT; };
		FB61C5C618560D8B0041FF5A /* UIKit.framework */ = {isa = PBXFileReference; lastKnownFileType = wrapper.framework; name = UIKit.framework; path = System/Library/Frameworks/UIKit.framework; sourceTree = SDKROOT; };
		FB61C5CA18560D8B0041FF5A /* KSharedSDKDemo-Info.plist */ = {isa = PBXFileReference; lastKnownFileType = text.plist.xml; path = "KSharedSDKDemo-Info.plist"; sourceTree = "<group>"; };
		FB61C5CC18560D8B0041FF5A /* en */ = {isa = PBXFileReference; lastKnownFileType = text.plist.strings; name = en; path = en.lproj/InfoPlist.strings; sourceTree = "<group>"; };
		FB61C5CE18560D8B0041FF5A /* main.m */ = {isa = PBXFileReference; lastKnownFileType = sourcecode.c.objc; path = main.m; sourceTree = "<group>"; };
		FB61C5D018560D8B0041FF5A /* KSharedSDKDemo-Prefix.pch */ = {isa = PBXFileReference; lastKnownFileType = sourcecode.c.h; path = "KSharedSDKDemo-Prefix.pch"; sourceTree = "<group>"; };
		FB61C5D118560D8B0041FF5A /* AppDelegate.h */ = {isa = PBXFileReference; lastKnownFileType = sourcecode.c.h; path = AppDelegate.h; sourceTree = "<group>"; };
		FB61C5D218560D8B0041FF5A /* AppDelegate.m */ = {isa = PBXFileReference; lastKnownFileType = sourcecode.c.objc; path = AppDelegate.m; sourceTree = "<group>"; };
		FB61C5D518560D8B0041FF5A /* Base */ = {isa = PBXFileReference; lastKnownFileType = file.storyboard; name = Base; path = Base.lproj/Main.storyboard; sourceTree = "<group>"; };
		FB61C5D718560D8B0041FF5A /* ViewController.h */ = {isa = PBXFileReference; lastKnownFileType = sourcecode.c.h; path = ViewController.h; sourceTree = "<group>"; };
		FB61C5D818560D8B0041FF5A /* ViewController.m */ = {isa = PBXFileReference; lastKnownFileType = sourcecode.c.objc; path = ViewController.m; sourceTree = "<group>"; };
		FB61C5DA18560D8B0041FF5A /* Images.xcassets */ = {isa = PBXFileReference; lastKnownFileType = folder.assetcatalog; path = Images.xcassets; sourceTree = "<group>"; };
		FB61C5E018560D8B0041FF5A /* KSharedSDKDemoTests.xctest */ = {isa = PBXFileReference; explicitFileType = wrapper.cfbundle; includeInIndex = 0; path = KSharedSDKDemoTests.xctest; sourceTree = BUILT_PRODUCTS_DIR; };
		FBCD343D1859D3CA00A7BC82 /* libWeChatSDK.a */ = {isa = PBXFileReference; lastKnownFileType = archive.ar; path = libWeChatSDK.a; sourceTree = "<group>"; };
		FBCFD94C1856C89E009919E8 /* KUnits.h */ = {isa = PBXFileReference; fileEncoding = 4; lastKnownFileType = sourcecode.c.h; path = KUnits.h; sourceTree = "<group>"; };
		FBCFD94D1856C89E009919E8 /* KUnits.m */ = {isa = PBXFileReference; fileEncoding = 4; lastKnownFileType = sourcecode.c.objc; path = KUnits.m; sourceTree = "<group>"; };
/* End PBXFileReference section */

/* Begin PBXFrameworksBuildPhase section */
		FB61C5BC18560D8B0041FF5A /* Frameworks */ = {
			isa = PBXFrameworksBuildPhase;
			buildActionMask = 2147483647;
			files = (
				27F5CE85185CA71E004DA59B /* SystemConfiguration.framework in Frameworks */,
				27F5CE83185CA693004DA59B /* TencentOpenAPI.framework in Frameworks */,
				FB61C5C518560D8B0041FF5A /* CoreGraphics.framework in Frameworks */,
				FB61C5C718560D8B0041FF5A /* UIKit.framework in Frameworks */,
				FBCD343E1859D3CA00A7BC82 /* libWeChatSDK.a in Frameworks */,
				FB61C5C318560D8B0041FF5A /* Foundation.framework in Frameworks */,
			);
			runOnlyForDeploymentPostprocessing = 0;
		};
		FB61C5DD18560D8B0041FF5A /* Frameworks */ = {
			isa = PBXFrameworksBuildPhase;
			buildActionMask = 2147483647;
			files = (
				FB61C5E418560D8B0041FF5A /* UIKit.framework in Frameworks */,
				FB61C5E318560D8B0041FF5A /* Foundation.framework in Frameworks */,
			);
			runOnlyForDeploymentPostprocessing = 0;
		};
/* End PBXFrameworksBuildPhase section */

/* Begin PBXGroup section */
		273BBEC9185625F4001592FE /* KSharedSDK */ = {
			isa = PBXGroup;
			children = (
				DC5F38811859A50900E01186 /* WeChatSDK_1.4.2.1 */,
				2701810C185774D300511C8B /* KSharedSDKDefine.h */,
				273BBED018562611001592FE /* KSharedSDK.h */,
				273BBED118562611001592FE /* KSharedSDK.m */,
				DC5F388C1859B5EE00E01186 /* KSharedMessage.h */,
				DC5F388D1859B5EE00E01186 /* KSharedMessage.m */,
				FB2EF18C1857630B00C65EAD /* KWeiboOauthView.h */,
				FB2EF18D1857630B00C65EAD /* KWeiboOauthView.m */,
				DC5F38891859A6A100E01186 /* KSinaWeiboShared.h */,
				DC5F388A1859A6A100E01186 /* KSinaWeiboShared.m */,
				272C61941859FD50003C1BCA /* KTencentWeiboShared.h */,
				272C61951859FD50003C1BCA /* KTencentWeiboShared.m */,
				DC5F38861859A58D00E01186 /* KWeChatShared.h */,
				DC5F38871859A58D00E01186 /* KWeChatShared.m */,
				27F5CE87185CA804004DA59B /* KQQChatShared.h */,
				27F5CE88185CA804004DA59B /* KQQChatShared.m */,
				FBCFD94C1856C89E009919E8 /* KUnits.h */,
				FBCFD94D1856C89E009919E8 /* KUnits.m */,
				FB28255618574F9B002DF332 /* KHttpManager.h */,
				FB28255718574F9B002DF332 /* KHttpManager.m */,
			);
			path = KSharedSDK;
			sourceTree = SOURCE_ROOT;
		};
		DC5F38811859A50900E01186 /* WeChatSDK_1.4.2.1 */ = {
			isa = PBXGroup;
			children = (
				FBCD343D1859D3CA00A7BC82 /* libWeChatSDK.a */,
				DC5F38831859A50900E01186 /* WXApi.h */,
				DC5F38841859A50900E01186 /* WXApiObject.h */,
			);
			path = WeChatSDK_1.4.2.1;
			sourceTree = "<group>";
		};
		FB61C5B618560D8B0041FF5A = {
			isa = PBXGroup;
			children = (
				27F5CE86185CA76E004DA59B /* TencentOpenApi_IOS_Bundle.bundle */,
				FB61C5C818560D8B0041FF5A /* KSharedSDKDemo */,
				FB61C5C118560D8B0041FF5A /* Frameworks */,
				FB61C5C018560D8B0041FF5A /* Products */,
			);
			sourceTree = "<group>";
		};
		FB61C5C018560D8B0041FF5A /* Products */ = {
			isa = PBXGroup;
			children = (
				FB61C5BF18560D8B0041FF5A /* KSharedSDKDemo.app */,
				FB61C5E018560D8B0041FF5A /* KSharedSDKDemoTests.xctest */,
			);
			name = Products;
			sourceTree = "<group>";
		};
		FB61C5C118560D8B0041FF5A /* Frameworks */ = {
			isa = PBXGroup;
			children = (
				27F5CE84185CA71E004DA59B /* SystemConfiguration.framework */,
				27F5CE80185CA693004DA59B /* TencentOpenApi_IOS_Bundle.bundle */,
				27F5CE81185CA693004DA59B /* TencentOpenAPI.framework */,
				FB61C5C218560D8B0041FF5A /* Foundation.framework */,
				FB61C5C418560D8B0041FF5A /* CoreGraphics.framework */,
				FB61C5C618560D8B0041FF5A /* UIKit.framework */,
			);
			name = Frameworks;
			sourceTree = "<group>";
		};
		FB61C5C818560D8B0041FF5A /* KSharedSDKDemo */ = {
			isa = PBXGroup;
			children = (
				273BBEC9185625F4001592FE /* KSharedSDK */,
				FB61C5D118560D8B0041FF5A /* AppDelegate.h */,
				FB61C5D218560D8B0041FF5A /* AppDelegate.m */,
				FB61C5D718560D8B0041FF5A /* ViewController.h */,
				FB61C5D818560D8B0041FF5A /* ViewController.m */,
				FB61C5D418560D8B0041FF5A /* Main.storyboard */,
				27BF52BA185B557500BA16F7 /* KHookObjectWrapper.h */,
				27BF52BB185B557500BA16F7 /* KHookObjectWrapper.m */,
				FB61C5DA18560D8B0041FF5A /* Images.xcassets */,
				FB61C5C918560D8B0041FF5A /* Supporting Files */,
			);
			path = KSharedSDKDemo;
			sourceTree = "<group>";
		};
		FB61C5C918560D8B0041FF5A /* Supporting Files */ = {
			isa = PBXGroup;
			children = (
				FB61C5CA18560D8B0041FF5A /* KSharedSDKDemo-Info.plist */,
				FB61C5CB18560D8B0041FF5A /* InfoPlist.strings */,
				FB61C5CE18560D8B0041FF5A /* main.m */,
				FB61C5D018560D8B0041FF5A /* KSharedSDKDemo-Prefix.pch */,
			);
			name = "Supporting Files";
			sourceTree = "<group>";
		};
/* End PBXGroup section */

/* Begin PBXNativeTarget section */
		FB61C5BE18560D8B0041FF5A /* KSharedSDKDemo */ = {
			isa = PBXNativeTarget;
			buildConfigurationList = FB61C5F118560D8B0041FF5A /* Build configuration list for PBXNativeTarget "KSharedSDKDemo" */;
			buildPhases = (
				FB61C5BB18560D8B0041FF5A /* Sources */,
				FB61C5BC18560D8B0041FF5A /* Frameworks */,
				FB61C5BD18560D8B0041FF5A /* Resources */,
			);
			buildRules = (
			);
			dependencies = (
			);
			name = KSharedSDKDemo;
			productName = KSharedSDKDemo;
			productReference = FB61C5BF18560D8B0041FF5A /* KSharedSDKDemo.app */;
			productType = "com.apple.product-type.application";
		};
		FB61C5DF18560D8B0041FF5A /* KSharedSDKDemoTests */ = {
			isa = PBXNativeTarget;
			buildConfigurationList = FB61C5F418560D8B0041FF5A /* Build configuration list for PBXNativeTarget "KSharedSDKDemoTests" */;
			buildPhases = (
				FB61C5DC18560D8B0041FF5A /* Sources */,
				FB61C5DD18560D8B0041FF5A /* Frameworks */,
				FB61C5DE18560D8B0041FF5A /* Resources */,
			);
			buildRules = (
			);
			dependencies = (
				FB61C5E618560D8B0041FF5A /* PBXTargetDependency */,
			);
			name = KSharedSDKDemoTests;
			productName = KSharedSDKDemoTests;
			productReference = FB61C5E018560D8B0041FF5A /* KSharedSDKDemoTests.xctest */;
			productType = "com.apple.product-type.bundle.unit-test";
		};
/* End PBXNativeTarget section */

/* Begin PBXProject section */
		FB61C5B718560D8B0041FF5A /* Project object */ = {
			isa = PBXProject;
			attributes = {
				LastUpgradeCheck = 0500;
				ORGANIZATIONNAME = kyle;
				TargetAttributes = {
					FB61C5BE18560D8B0041FF5A = {
						DevelopmentTeam = E4U9526FAP;
					};
					FB61C5DF18560D8B0041FF5A = {
						TestTargetID = FB61C5BE18560D8B0041FF5A;
					};
				};
			};
			buildConfigurationList = FB61C5BA18560D8B0041FF5A /* Build configuration list for PBXProject "KSharedSDKDemo" */;
			compatibilityVersion = "Xcode 3.2";
			developmentRegion = English;
			hasScannedForEncodings = 0;
			knownRegions = (
				en,
				Base,
			);
			mainGroup = FB61C5B618560D8B0041FF5A;
			productRefGroup = FB61C5C018560D8B0041FF5A /* Products */;
			projectDirPath = "";
			projectRoot = "";
			targets = (
				FB61C5BE18560D8B0041FF5A /* KSharedSDKDemo */,
				FB61C5DF18560D8B0041FF5A /* KSharedSDKDemoTests */,
			);
		};
/* End PBXProject section */

/* Begin PBXResourcesBuildPhase section */
		FB61C5BD18560D8B0041FF5A /* Resources */ = {
			isa = PBXResourcesBuildPhase;
			buildActionMask = 2147483647;
			files = (
				27F5CE82185CA693004DA59B /* TencentOpenApi_IOS_Bundle.bundle in Resources */,
				FB61C5DB18560D8B0041FF5A /* Images.xcassets in Resources */,
				FB61C5CD18560D8B0041FF5A /* InfoPlist.strings in Resources */,
				FB61C5D618560D8B0041FF5A /* Main.storyboard in Resources */,
			);
			runOnlyForDeploymentPostprocessing = 0;
		};
		FB61C5DE18560D8B0041FF5A /* Resources */ = {
			isa = PBXResourcesBuildPhase;
			buildActionMask = 2147483647;
			files = (
			);
			runOnlyForDeploymentPostprocessing = 0;
		};
/* End PBXResourcesBuildPhase section */

/* Begin PBXSourcesBuildPhase section */
		FB61C5BB18560D8B0041FF5A /* Sources */ = {
			isa = PBXSourcesBuildPhase;
			buildActionMask = 2147483647;
			files = (
				DC5F388B1859A6A100E01186 /* KSinaWeiboShared.m in Sources */,
				272C61961859FD50003C1BCA /* KTencentWeiboShared.m in Sources */,
				DC5F38881859A58D00E01186 /* KWeChatShared.m in Sources */,
				FB61C5D918560D8B0041FF5A /* ViewController.m in Sources */,
				FB61C5D318560D8B0041FF5A /* AppDelegate.m in Sources */,
				FBCFD94E1856C89E009919E8 /* KUnits.m in Sources */,
				FB28255818574F9B002DF332 /* KHttpManager.m in Sources */,
				FB61C5CF18560D8B0041FF5A /* main.m in Sources */,
				DC5F388E1859B5EE00E01186 /* KSharedMessage.m in Sources */,
				FB2EF18E1857630B00C65EAD /* KWeiboOauthView.m in Sources */,
				27F5CE89185CA804004DA59B /* KQQChatShared.m in Sources */,
				273BBED218562611001592FE /* KSharedSDK.m in Sources */,
				27BF52BC185B557500BA16F7 /* KHookObjectWrapper.m in Sources */,
			);
			runOnlyForDeploymentPostprocessing = 0;
		};
		FB61C5DC18560D8B0041FF5A /* Sources */ = {
			isa = PBXSourcesBuildPhase;
			buildActionMask = 2147483647;
			files = (
			);
			runOnlyForDeploymentPostprocessing = 0;
		};
/* End PBXSourcesBuildPhase section */

/* Begin PBXTargetDependency section */
		FB61C5E618560D8B0041FF5A /* PBXTargetDependency */ = {
			isa = PBXTargetDependency;
			target = FB61C5BE18560D8B0041FF5A /* KSharedSDKDemo */;
			targetProxy = FB61C5E518560D8B0041FF5A /* PBXContainerItemProxy */;
		};
/* End PBXTargetDependency section */

/* Begin PBXVariantGroup section */
		FB61C5CB18560D8B0041FF5A /* InfoPlist.strings */ = {
			isa = PBXVariantGroup;
			children = (
				FB61C5CC18560D8B0041FF5A /* en */,
			);
			name = InfoPlist.strings;
			sourceTree = "<group>";
		};
		FB61C5D418560D8B0041FF5A /* Main.storyboard */ = {
			isa = PBXVariantGroup;
			children = (
				FB61C5D518560D8B0041FF5A /* Base */,
			);
			name = Main.storyboard;
			sourceTree = "<group>";
		};
/* End PBXVariantGroup section */

/* Begin XCBuildConfiguration section */
		FB61C5EF18560D8B0041FF5A /* Debug */ = {
			isa = XCBuildConfiguration;
			buildSettings = {
				ALWAYS_SEARCH_USER_PATHS = NO;
				ARCHS = "$(ARCHS_STANDARD_INCLUDING_64_BIT)";
				CLANG_CXX_LANGUAGE_STANDARD = "gnu++0x";
				CLANG_CXX_LIBRARY = "libc++";
				CLANG_ENABLE_MODULES = YES;
				CLANG_ENABLE_OBJC_ARC = YES;
				CLANG_WARN_BOOL_CONVERSION = YES;
				CLANG_WARN_CONSTANT_CONVERSION = YES;
				CLANG_WARN_DIRECT_OBJC_ISA_USAGE = YES_ERROR;
				CLANG_WARN_EMPTY_BODY = YES;
				CLANG_WARN_ENUM_CONVERSION = YES;
				CLANG_WARN_INT_CONVERSION = YES;
				CLANG_WARN_OBJC_ROOT_CLASS = YES_ERROR;
				CLANG_WARN__DUPLICATE_METHOD_MATCH = YES;
				"CODE_SIGN_IDENTITY[sdk=iphoneos*]" = "iPhone Developer";
				COPY_PHASE_STRIP = NO;
				GCC_C_LANGUAGE_STANDARD = gnu99;
				GCC_DYNAMIC_NO_PIC = NO;
				GCC_OPTIMIZATION_LEVEL = 0;
				GCC_PREPROCESSOR_DEFINITIONS = (
					"DEBUG=1",
					"$(inherited)",
				);
				GCC_SYMBOLS_PRIVATE_EXTERN = NO;
				GCC_WARN_64_TO_32_BIT_CONVERSION = YES;
				GCC_WARN_ABOUT_RETURN_TYPE = YES_ERROR;
				GCC_WARN_UNDECLARED_SELECTOR = YES;
				GCC_WARN_UNINITIALIZED_AUTOS = YES;
				GCC_WARN_UNUSED_FUNCTION = YES;
				GCC_WARN_UNUSED_VARIABLE = YES;
				IPHONEOS_DEPLOYMENT_TARGET = 7.0;
				ONLY_ACTIVE_ARCH = YES;
				SDKROOT = iphoneos;
			};
			name = Debug;
		};
		FB61C5F018560D8B0041FF5A /* Release */ = {
			isa = XCBuildConfiguration;
			buildSettings = {
				ALWAYS_SEARCH_USER_PATHS = NO;
				ARCHS = "$(ARCHS_STANDARD_INCLUDING_64_BIT)";
				CLANG_CXX_LANGUAGE_STANDARD = "gnu++0x";
				CLANG_CXX_LIBRARY = "libc++";
				CLANG_ENABLE_MODULES = YES;
				CLANG_ENABLE_OBJC_ARC = YES;
				CLANG_WARN_BOOL_CONVERSION = YES;
				CLANG_WARN_CONSTANT_CONVERSION = YES;
				CLANG_WARN_DIRECT_OBJC_ISA_USAGE = YES_ERROR;
				CLANG_WARN_EMPTY_BODY = YES;
				CLANG_WARN_ENUM_CONVERSION = YES;
				CLANG_WARN_INT_CONVERSION = YES;
				CLANG_WARN_OBJC_ROOT_CLASS = YES_ERROR;
				CLANG_WARN__DUPLICATE_METHOD_MATCH = YES;
				"CODE_SIGN_IDENTITY[sdk=iphoneos*]" = "iPhone Developer";
				COPY_PHASE_STRIP = YES;
				ENABLE_NS_ASSERTIONS = NO;
				GCC_C_LANGUAGE_STANDARD = gnu99;
				GCC_WARN_64_TO_32_BIT_CONVERSION = YES;
				GCC_WARN_ABOUT_RETURN_TYPE = YES_ERROR;
				GCC_WARN_UNDECLARED_SELECTOR = YES;
				GCC_WARN_UNINITIALIZED_AUTOS = YES;
				GCC_WARN_UNUSED_FUNCTION = YES;
				GCC_WARN_UNUSED_VARIABLE = YES;
				IPHONEOS_DEPLOYMENT_TARGET = 7.0;
				SDKROOT = iphoneos;
				VALIDATE_PRODUCT = YES;
			};
			name = Release;
		};
		FB61C5F218560D8B0041FF5A /* Debug */ = {
			isa = XCBuildConfiguration;
			buildSettings = {
				ARCHS = "$(ARCHS_STANDARD_32_BIT)";
				ASSETCATALOG_COMPILER_APPICON_NAME = AppIcon;
				ASSETCATALOG_COMPILER_LAUNCHIMAGE_NAME = LaunchImage;
				CODE_SIGN_IDENTITY = "iPhone Developer";
				"CODE_SIGN_IDENTITY[sdk=iphoneos*]" = "iPhone Developer";
				FRAMEWORK_SEARCH_PATHS = (
					"$(inherited)",
					/Users/kyle/Desktop/KSharedSDK/KSharedSDK/QQSDK_2.0.1,
				);
				GCC_PRECOMPILE_PREFIX_HEADER = YES;
				GCC_PREFIX_HEADER = "KSharedSDKDemo/KSharedSDKDemo-Prefix.pch";
				INFOPLIST_FILE = "KSharedSDKDemo/KSharedSDKDemo-Info.plist";
				IPHONEOS_DEPLOYMENT_TARGET = 6.0;
				LIBRARY_SEARCH_PATHS = (
					"$(inherited)",
					"$(SRCROOT)/KSharedSDK/WeChatSDK_1.4.2.1",
				);
				PRODUCT_NAME = "$(TARGET_NAME)";
				PROVISIONING_PROFILE = "";
				WRAPPER_EXTENSION = app;
			};
			name = Debug;
		};
		FB61C5F318560D8B0041FF5A /* Release */ = {
			isa = XCBuildConfiguration;
			buildSettings = {
				ARCHS = "$(ARCHS_STANDARD_32_BIT)";
				ASSETCATALOG_COMPILER_APPICON_NAME = AppIcon;
				ASSETCATALOG_COMPILER_LAUNCHIMAGE_NAME = LaunchImage;
				CODE_SIGN_IDENTITY = "iPhone Developer";
				"CODE_SIGN_IDENTITY[sdk=iphoneos*]" = "iPhone Developer";
				FRAMEWORK_SEARCH_PATHS = (
					"$(inherited)",
					/Users/kyle/Desktop/KSharedSDK/KSharedSDK/QQSDK_2.0.1,
				);
				GCC_PRECOMPILE_PREFIX_HEADER = YES;
				GCC_PREFIX_HEADER = "KSharedSDKDemo/KSharedSDKDemo-Prefix.pch";
				INFOPLIST_FILE = "KSharedSDKDemo/KSharedSDKDemo-Info.plist";
				IPHONEOS_DEPLOYMENT_TARGET = 6.0;
				LIBRARY_SEARCH_PATHS = (
					"$(inherited)",
					"$(SRCROOT)/KSharedSDK/WeChatSDK_1.4.2.1",
				);
				PRODUCT_NAME = "$(TARGET_NAME)";
				PROVISIONING_PROFILE = "";
				WRAPPER_EXTENSION = app;
			};
			name = Release;
		};
		FB61C5F518560D8B0041FF5A /* Debug */ = {
			isa = XCBuildConfiguration;
			buildSettings = {
				ARCHS = "$(ARCHS_STANDARD_INCLUDING_64_BIT)";
				BUNDLE_LOADER = "$(BUILT_PRODUCTS_DIR)/KSharedSDKDemo.app/KSharedSDKDemo";
				FRAMEWORK_SEARCH_PATHS = (
					"$(SDKROOT)/Developer/Library/Frameworks",
					"$(inherited)",
					"$(DEVELOPER_FRAMEWORKS_DIR)",
				);
				GCC_PRECOMPILE_PREFIX_HEADER = YES;
				GCC_PREFIX_HEADER = "KSharedSDKDemo/KSharedSDKDemo-Prefix.pch";
				GCC_PREPROCESSOR_DEFINITIONS = (
					"DEBUG=1",
					"$(inherited)",
				);
				INFOPLIST_FILE = "KSharedSDKDemoTests/KSharedSDKDemoTests-Info.plist";
				PRODUCT_NAME = "$(TARGET_NAME)";
				TEST_HOST = "$(BUNDLE_LOADER)";
				WRAPPER_EXTENSION = xctest;
			};
			name = Debug;
		};
		FB61C5F618560D8B0041FF5A /* Release */ = {
			isa = XCBuildConfiguration;
			buildSettings = {
				ARCHS = "$(ARCHS_STANDARD_INCLUDING_64_BIT)";
				BUNDLE_LOADER = "$(BUILT_PRODUCTS_DIR)/KSharedSDKDemo.app/KSharedSDKDemo";
				FRAMEWORK_SEARCH_PATHS = (
					"$(SDKROOT)/Developer/Library/Frameworks",
					"$(inherited)",
					"$(DEVELOPER_FRAMEWORKS_DIR)",
				);
				GCC_PRECOMPILE_PREFIX_HEADER = YES;
				GCC_PREFIX_HEADER = "KSharedSDKDemo/KSharedSDKDemo-Prefix.pch";
				INFOPLIST_FILE = "KSharedSDKDemoTests/KSharedSDKDemoTests-Info.plist";
				PRODUCT_NAME = "$(TARGET_NAME)";
				TEST_HOST = "$(BUNDLE_LOADER)";
				WRAPPER_EXTENSION = xctest;
			};
			name = Release;
		};
/* End XCBuildConfiguration section */

/* Begin XCConfigurationList section */
		FB61C5BA18560D8B0041FF5A /* Build configuration list for PBXProject "KSharedSDKDemo" */ = {
			isa = XCConfigurationList;
			buildConfigurations = (
				FB61C5EF18560D8B0041FF5A /* Debug */,
				FB61C5F018560D8B0041FF5A /* Release */,
			);
			defaultConfigurationIsVisible = 0;
			defaultConfigurationName = Release;
		};
		FB61C5F118560D8B0041FF5A /* Build configuration list for PBXNativeTarget "KSharedSDKDemo" */ = {
			isa = XCConfigurationList;
			buildConfigurations = (
				FB61C5F218560D8B0041FF5A /* Debug */,
				FB61C5F318560D8B0041FF5A /* Release */,
			);
			defaultConfigurationIsVisible = 0;
			defaultConfigurationName = Release;
		};
		FB61C5F418560D8B0041FF5A /* Build configuration list for PBXNativeTarget "KSharedSDKDemoTests" */ = {
			isa = XCConfigurationList;
			buildConfigurations = (
				FB61C5F518560D8B0041FF5A /* Debug */,
				FB61C5F618560D8B0041FF5A /* Release */,
			);
			defaultConfigurationIsVisible = 0;
			defaultConfigurationName = Release;
		};
/* End XCConfigurationList section */
	};
	rootObject = FB61C5B718560D8B0041FF5A /* Project object */;
}
